
Microsoft Visual Studio Solution File, Format Version 12.00
# Visual Studio 15
VisualStudioVersion = 15.0.26403.7
MinimumVisualStudioVersion = 10.0.40219.1
Project("{FAE04EC0-301F-11D3-BF4B-00C04F79EFBC}") = "Dora.ExceptionHandling", "Dora.ExceptionHandling\Dora.ExceptionHandling.csproj", "{E626FD9D-1B64-43C0-9140-D1A895E4BC9E}"
EndProject
Project("{FAE04EC0-301F-11D3-BF4B-00C04F79EFBC}") = "Dora.ExceptionHandling.Abstractions", "Dora.ExceptionHandling.Abstractions\Dora.ExceptionHandling.Abstractions.csproj", "{878BFCDF-1C04-4141-8ECA-C0A268742697}"
EndProject
Project("{2150E333-8FDC-42A3-9474-1A3956D46DE8}") = "src", "src", "{95484558-037F-41B7-9FEC-D9AA667F382D}"
EndProject
Global
	GlobalSection(SolutionConfigurationPlatforms) = preSolution
		Debug|Any CPU = Debug|Any CPU
		Release|Any CPU = Release|Any CPU
	EndGlobalSection
	GlobalSection(ProjectConfigurationPlatforms) = postSolution
		{E626FD9D-1B64-43C0-9140-D1A895E4BC9E}.Debug|Any CPU.ActiveCfg = Debug|Any CPU
		{E626FD9D-1B64-43C0-9140-D1A895E4BC9E}.Debug|Any CPU.Build.0 = Debug|Any CPU
		{E626FD9D-1B64-43C0-9140-D1A895E4BC9E}.Release|Any CPU.ActiveCfg = Release|Any CPU
		{E626FD9D-1B64-43C0-9140-D1A895E4BC9E}.Release|Any CPU.Build.0 = Release|Any CPU
		{878BFCDF-1C04-4141-8ECA-C0A268742697}.Debug|Any CPU.ActiveCfg = Debug|Any CPU
		{878BFCDF-1C04-4141-8ECA-C0A268742697}.Debug|Any CPU.Build.0 = Debug|Any CPU
		{878BFCDF-1C04-4141-8ECA-C0A268742697}.Release|Any CPU.ActiveCfg = Release|Any CPU
		{878BFCDF-1C04-4141-8ECA-C0A268742697}.Release|Any CPU.Build.0 = Release|Any CPU
	EndGlobalSection
	GlobalSection(SolutionProperties) = preSolution
		HideSolutionNode = FALSE
	EndGlobalSection
	GlobalSection(NestedProjects) = preSolution
		{E626FD9D-1B64-43C0-9140-D1A895E4BC9E} = {95484558-037F-41B7-9FEC-D9AA667F382D}
		{878BFCDF-1C04-4141-8ECA-C0A268742697} = {95484558-037F-41B7-9FEC-D9AA667F382D}
	EndGlobalSection
EndGlobal
