
Microsoft Visual Studio Solution File, Format Version 12.00
# Visual Studio 15
VisualStudioVersion = 15.0.26403.7
MinimumVisualStudioVersion = 10.0.40219.1
Project("{FAE04EC0-301F-11D3-BF4B-00C04F79EFBC}") = "Dora.ExceptionHandling", "Dora.ExceptionHandling\Dora.ExceptionHandling.csproj", "{E626FD9D-1B64-43C0-9140-D1A895E4BC9E}"
EndProject
Project("{FAE04EC0-301F-11D3-BF4B-00C04F79EFBC}") = "Dora.ExceptionHandling.Abstractions", "Dora.ExceptionHandling.Abstractions\Dora.ExceptionHandling.Abstractions.csproj", "{878BFCDF-1C04-4141-8ECA-C0A268742697}"
EndProject
Project("{2150E333-8FDC-42A3-9474-1A3956D46DE8}") = "src", "src", "{95484558-037F-41B7-9FEC-D9AA667F382D}"
EndProject
Project("{2150E333-8FDC-42A3-9474-1A3956D46DE8}") = "test", "test", "{0FED5618-727D-4EFC-8733-4E75ADBAAB30}"
EndProject
Project("{FAE04EC0-301F-11D3-BF4B-00C04F79EFBC}") = "Dora.ExceptionHandling.Test", "..\..\test\ExceptionHandling\Dora.ExceptionHandling.Test\Dora.ExceptionHandling.Test.csproj", "{82EABF39-2F98-4F63-BF55-4B0812A2A218}"
EndProject
Project("{FAE04EC0-301F-11D3-BF4B-00C04F79EFBC}") = "Demo1", "..\..\demo\ExceptionHandling\Demo1\Demo1.csproj", "{B8F941AB-41A6-414E-91E1-F6829D540F03}"
EndProject
Project("{2150E333-8FDC-42A3-9474-1A3956D46DE8}") = "demo", "demo", "{EFB0F084-A129-4945-BD14-BF318A9A8A57}"
EndProject
Project("{FAE04EC0-301F-11D3-BF4B-00C04F79EFBC}") = "Dora.ExceptionHandling.Mvc", "Dora.ExceptionHandling.Mvc\Dora.ExceptionHandling.Mvc.csproj", "{4108CC45-6A3B-4D11-8F80-E944F1F04E0E}"
EndProject
Project("{FAE04EC0-301F-11D3-BF4B-00C04F79EFBC}") = "Dora.ExceptionHandling.Interception", "Dora.ExceptionHandling.Interception\Dora.ExceptionHandling.Interception.csproj", "{F3D2619A-4F7E-40CF-A1D7-835D383CECB6}"
EndProject
Project("{FAE04EC0-301F-11D3-BF4B-00C04F79EFBC}") = "Dora.ExceptionHandling.Configuration", "Dora.ExceptionHandling.Configuration\Dora.ExceptionHandling.Configuration.csproj", "{E586CAED-BE83-4A6D-A2E1-664B4C51CC70}"
EndProject
Project("{FAE04EC0-301F-11D3-BF4B-00C04F79EFBC}") = "Dora.ExceptionHandling.ExceptionHandlers", "Dora.ExceptionHandling.ExceptionHandlers\Dora.ExceptionHandling.ExceptionHandlers.csproj", "{CF4A427B-19D5-4C84-A980-B9C93E1A90EB}"
EndProject
Global
	GlobalSection(SolutionConfigurationPlatforms) = preSolution
		Debug|Any CPU = Debug|Any CPU
		Release|Any CPU = Release|Any CPU
	EndGlobalSection
	GlobalSection(ProjectConfigurationPlatforms) = postSolution
		{E626FD9D-1B64-43C0-9140-D1A895E4BC9E}.Debug|Any CPU.ActiveCfg = Debug|Any CPU
		{E626FD9D-1B64-43C0-9140-D1A895E4BC9E}.Debug|Any CPU.Build.0 = Debug|Any CPU
		{E626FD9D-1B64-43C0-9140-D1A895E4BC9E}.Release|Any CPU.ActiveCfg = Release|Any CPU
		{E626FD9D-1B64-43C0-9140-D1A895E4BC9E}.Release|Any CPU.Build.0 = Release|Any CPU
		{878BFCDF-1C04-4141-8ECA-C0A268742697}.Debug|Any CPU.ActiveCfg = Debug|Any CPU
		{878BFCDF-1C04-4141-8ECA-C0A268742697}.Debug|Any CPU.Build.0 = Debug|Any CPU
		{878BFCDF-1C04-4141-8ECA-C0A268742697}.Release|Any CPU.ActiveCfg = Release|Any CPU
		{878BFCDF-1C04-4141-8ECA-C0A268742697}.Release|Any CPU.Build.0 = Release|Any CPU
		{82EABF39-2F98-4F63-BF55-4B0812A2A218}.Debug|Any CPU.ActiveCfg = Debug|Any CPU
		{82EABF39-2F98-4F63-BF55-4B0812A2A218}.Debug|Any CPU.Build.0 = Debug|Any CPU
		{82EABF39-2F98-4F63-BF55-4B0812A2A218}.Release|Any CPU.ActiveCfg = Release|Any CPU
		{82EABF39-2F98-4F63-BF55-4B0812A2A218}.Release|Any CPU.Build.0 = Release|Any CPU
		{B8F941AB-41A6-414E-91E1-F6829D540F03}.Debug|Any CPU.ActiveCfg = Debug|Any CPU
		{B8F941AB-41A6-414E-91E1-F6829D540F03}.Debug|Any CPU.Build.0 = Debug|Any CPU
		{B8F941AB-41A6-414E-91E1-F6829D540F03}.Release|Any CPU.ActiveCfg = Release|Any CPU
		{B8F941AB-41A6-414E-91E1-F6829D540F03}.Release|Any CPU.Build.0 = Release|Any CPU
		{4108CC45-6A3B-4D11-8F80-E944F1F04E0E}.Debug|Any CPU.ActiveCfg = Debug|Any CPU
		{4108CC45-6A3B-4D11-8F80-E944F1F04E0E}.Debug|Any CPU.Build.0 = Debug|Any CPU
		{4108CC45-6A3B-4D11-8F80-E944F1F04E0E}.Release|Any CPU.ActiveCfg = Release|Any CPU
		{4108CC45-6A3B-4D11-8F80-E944F1F04E0E}.Release|Any CPU.Build.0 = Release|Any CPU
		{F3D2619A-4F7E-40CF-A1D7-835D383CECB6}.Debug|Any CPU.ActiveCfg = Debug|Any CPU
		{F3D2619A-4F7E-40CF-A1D7-835D383CECB6}.Debug|Any CPU.Build.0 = Debug|Any CPU
		{F3D2619A-4F7E-40CF-A1D7-835D383CECB6}.Release|Any CPU.ActiveCfg = Release|Any CPU
		{F3D2619A-4F7E-40CF-A1D7-835D383CECB6}.Release|Any CPU.Build.0 = Release|Any CPU
		{E586CAED-BE83-4A6D-A2E1-664B4C51CC70}.Debug|Any CPU.ActiveCfg = Debug|Any CPU
		{E586CAED-BE83-4A6D-A2E1-664B4C51CC70}.Debug|Any CPU.Build.0 = Debug|Any CPU
		{E586CAED-BE83-4A6D-A2E1-664B4C51CC70}.Release|Any CPU.ActiveCfg = Release|Any CPU
		{E586CAED-BE83-4A6D-A2E1-664B4C51CC70}.Release|Any CPU.Build.0 = Release|Any CPU
		{CF4A427B-19D5-4C84-A980-B9C93E1A90EB}.Debug|Any CPU.ActiveCfg = Debug|Any CPU
		{CF4A427B-19D5-4C84-A980-B9C93E1A90EB}.Debug|Any CPU.Build.0 = Debug|Any CPU
		{CF4A427B-19D5-4C84-A980-B9C93E1A90EB}.Release|Any CPU.ActiveCfg = Release|Any CPU
		{CF4A427B-19D5-4C84-A980-B9C93E1A90EB}.Release|Any CPU.Build.0 = Release|Any CPU
	EndGlobalSection
	GlobalSection(SolutionProperties) = preSolution
		HideSolutionNode = FALSE
	EndGlobalSection
	GlobalSection(NestedProjects) = preSolution
		{E626FD9D-1B64-43C0-9140-D1A895E4BC9E} = {95484558-037F-41B7-9FEC-D9AA667F382D}
		{878BFCDF-1C04-4141-8ECA-C0A268742697} = {95484558-037F-41B7-9FEC-D9AA667F382D}
		{82EABF39-2F98-4F63-BF55-4B0812A2A218} = {0FED5618-727D-4EFC-8733-4E75ADBAAB30}
		{B8F941AB-41A6-414E-91E1-F6829D540F03} = {EFB0F084-A129-4945-BD14-BF318A9A8A57}
		{4108CC45-6A3B-4D11-8F80-E944F1F04E0E} = {95484558-037F-41B7-9FEC-D9AA667F382D}
		{F3D2619A-4F7E-40CF-A1D7-835D383CECB6} = {95484558-037F-41B7-9FEC-D9AA667F382D}
		{E586CAED-BE83-4A6D-A2E1-664B4C51CC70} = {95484558-037F-41B7-9FEC-D9AA667F382D}
		{CF4A427B-19D5-4C84-A980-B9C93E1A90EB} = {95484558-037F-41B7-9FEC-D9AA667F382D}
	EndGlobalSection
EndGlobal
