
Microsoft Visual Studio Solution File, Format Version 12.00
# Visual Studio Version 17
VisualStudioVersion = 17.2.32526.322
MinimumVisualStudioVersion = 10.0.40219.1
Project("{2150E333-8FDC-42A3-9474-1A3956D46DE8}") = "src", "src", "{90CDCE86-5086-4928-B94E-EAE06530693D}"
EndProject
Project("{2150E333-8FDC-42A3-9474-1A3956D46DE8}") = "test", "test", "{83290A38-44CF-4E73-ABA6-99A9113E52BB}"
EndProject
Project("{9A19103F-16F7-4668-BE54-9A1E7A4F7556}") = "Interception", "Interception\Interception.csproj", "{E6436C30-093F-413A-B295-6DF1D54F5CF1}"
EndProject
Project("{2150E333-8FDC-42A3-9474-1A3956D46DE8}") = "ref", "ref", "{18F8DD23-55E6-4B4F-8C35-3613785A0093}"
EndProject
Project("{2150E333-8FDC-42A3-9474-1A3956D46DE8}") = "demo", "demo", "{3FCBC6A3-A837-4E38-805F-E0CEE02C34C0}"
EndProject
Project("{D954291E-2A0B-460D-934E-DC6B0785DB48}") = "Shared", "..\Shared\Shared.shproj", "{00BFBA7F-B45D-41A3-9BF3-FA85A784B7DE}"
EndProject
Project("{9A19103F-16F7-4668-BE54-9A1E7A4F7556}") = "Interception.AspNetCore", "Interception.AspNetCore\Interception.AspNetCore.csproj", "{281ECED7-9423-4E3C-B820-831CE03663A3}"
EndProject
Project("{9A19103F-16F7-4668-BE54-9A1E7A4F7556}") = "Interception.Test", "..\..\test\Interception\Interception.Test\Interception.Test.csproj", "{948CEB19-0032-4C21-8057-C59AF5396F62}"
EndProject
Project("{2150E333-8FDC-42A3-9474-1A3956D46DE8}") = "S01", "S01", "{C6290AF4-D55F-40DC-97DC-66F27342FBBE}"
EndProject
Project("{9A19103F-16F7-4668-BE54-9A1E7A4F7556}") = "App", "..\..\demo\Interception\S01\App\App.csproj", "{BA17F566-7F04-4625-B8CA-BEAF3C624BEA}"
EndProject
Project("{2150E333-8FDC-42A3-9474-1A3956D46DE8}") = "S02", "S02", "{AF417AB7-1F75-4843-821D-A5C34EE4AB16}"
EndProject
Project("{9A19103F-16F7-4668-BE54-9A1E7A4F7556}") = "App", "..\..\demo\Interception\S02\App\App.csproj", "{B681953A-B20C-4E54-8E5A-1625CD9433FB}"
EndProject
Project("{2150E333-8FDC-42A3-9474-1A3956D46DE8}") = "S03", "S03", "{CD50693F-4E0A-46D8-A4CF-3EDD0437F344}"
EndProject
Project("{9A19103F-16F7-4668-BE54-9A1E7A4F7556}") = "App", "..\..\demo\Interception\S03\App\App.csproj", "{6CD3BB93-3AFE-4C4A-8355-3CF7650B7F75}"
EndProject
Project("{2150E333-8FDC-42A3-9474-1A3956D46DE8}") = "S04", "S04", "{BD2D39CF-A123-4F26-BE4A-FF80D667C9EA}"
EndProject
Project("{9A19103F-16F7-4668-BE54-9A1E7A4F7556}") = "App", "..\..\demo\Interception\S04\App\App.csproj", "{4B6A5C08-D570-49D4-B570-92C6BAA14935}"
EndProject
Project("{2150E333-8FDC-42A3-9474-1A3956D46DE8}") = "S05", "S05", "{499F7A6C-09A8-49E3-B53A-EF1B7C603B02}"
EndProject
Project("{9A19103F-16F7-4668-BE54-9A1E7A4F7556}") = "App", "..\..\demo\Interception\S05\App\App.csproj", "{47FBA8DC-30A9-4B44-9E9F-6AAFFAC0F24B}"
EndProject
Project("{2150E333-8FDC-42A3-9474-1A3956D46DE8}") = "S06", "S06", "{B324141B-1589-4F15-B7A8-9E140F182EAA}"
EndProject
Project("{9A19103F-16F7-4668-BE54-9A1E7A4F7556}") = "App", "..\..\demo\Interception\S06\App\App.csproj", "{83544DC1-DA0E-425A-A3D0-8E6CFEF2CBC4}"
EndProject
Project("{2150E333-8FDC-42A3-9474-1A3956D46DE8}") = "S07", "S07", "{585159E8-0ADC-4B65-BEEB-1585A6D94EB8}"
EndProject
Project("{9A19103F-16F7-4668-BE54-9A1E7A4F7556}") = "App", "..\..\demo\Interception\S07\App\App.csproj", "{0557D8BB-D4FD-4198-988C-4851C3C03CD7}"
EndProject
Project("{2150E333-8FDC-42A3-9474-1A3956D46DE8}") = "01. Getting_Started", "01. Getting_Started", "{710E8F90-2B9E-4C2A-829F-FEAEF556FE8F}"
EndProject
Project("{2150E333-8FDC-42A3-9474-1A3956D46DE8}") = "S08", "S08", "{79C3731E-6904-46B7-B8F0-2A911D14DBD9}"
EndProject
Project("{9A19103F-16F7-4668-BE54-9A1E7A4F7556}") = "App", "..\..\demo\Interception\S08\App\App.csproj", "{3AE851EF-4925-4323-81CB-0064D572FB59}"
EndProject
Project("{2150E333-8FDC-42A3-9474-1A3956D46DE8}") = "S09", "S09", "{8B63A730-356E-4635-ADF3-192345D07417}"
EndProject
Project("{9A19103F-16F7-4668-BE54-9A1E7A4F7556}") = "App", "..\..\demo\Interception\S09\App\App.csproj", "{3C128E78-1FE4-4160-B4BB-F75EEBA3E6C9}"
EndProject
Project("{2150E333-8FDC-42A3-9474-1A3956D46DE8}") = "S10", "S10", "{8939CBCD-FC12-436B-ACA1-5BFC6D9AAB92}"
EndProject
Project("{9A19103F-16F7-4668-BE54-9A1E7A4F7556}") = "App", "..\..\demo\Interception\S10\App\App.csproj", "{6689447C-AC29-48A9-877E-1E601E64F40C}"
EndProject
Project("{2150E333-8FDC-42A3-9474-1A3956D46DE8}") = "S11", "S11", "{5A613DEA-7851-4CCE-AD2D-DC49CF2C08DE}"
EndProject
Project("{9A19103F-16F7-4668-BE54-9A1E7A4F7556}") = "App", "..\..\demo\Interception\S11\App\App.csproj", "{D3B854F6-B697-401B-9BB8-6AF98FE288B1}"
EndProject
Project("{2150E333-8FDC-42A3-9474-1A3956D46DE8}") = "S12", "S12", "{2EA4B09A-111A-4B59-80B6-5648216F8331}"
EndProject
Project("{9A19103F-16F7-4668-BE54-9A1E7A4F7556}") = "App", "..\..\demo\Interception\S12\App\App.csproj", "{634725F2-66E0-40EC-B4B4-99D1E6BF6D4E}"
EndProject
Project("{2150E333-8FDC-42A3-9474-1A3956D46DE8}") = "S13", "S13", "{8FFD93E1-5A75-4297-903D-39A7E1B371FA}"
EndProject
Project("{9A19103F-16F7-4668-BE54-9A1E7A4F7556}") = "App", "..\..\demo\Interception\S13\App\App.csproj", "{4BFC95BA-BF30-4699-8CD5-02F9065B7D53}"
EndProject
Project("{2150E333-8FDC-42A3-9474-1A3956D46DE8}") = "S14", "S14", "{EEC6042F-6C56-4E2D-A9FD-48F7DA86393A}"
EndProject
Project("{9A19103F-16F7-4668-BE54-9A1E7A4F7556}") = "App", "..\..\demo\Interception\S14\App\App.csproj", "{B0FC8393-3627-4A68-BF22-9B13962FD120}"
EndProject
Project("{2150E333-8FDC-42A3-9474-1A3956D46DE8}") = "S15", "S15", "{6CAE22D4-8A7A-45E8-A8C8-C14671BF4D49}"
EndProject
Project("{9A19103F-16F7-4668-BE54-9A1E7A4F7556}") = "App", "..\..\demo\Interception\S15\App\App.csproj", "{8997D737-68ED-4836-B45F-8A243B2CF9FA}"
EndProject
Project("{2150E333-8FDC-42A3-9474-1A3956D46DE8}") = "02. Define_Interceptor", "02. Define_Interceptor", "{CA05F39B-4A0B-4072-961E-B1A37E1235AF}"
EndProject
Project("{2150E333-8FDC-42A3-9474-1A3956D46DE8}") = "S16", "S16", "{177EA03A-5451-4CF3-ACF6-7AECA19EFA59}"
EndProject
Project("{9A19103F-16F7-4668-BE54-9A1E7A4F7556}") = "App", "..\..\demo\Interception\S16\App\App.csproj", "{0DB6C2A3-5A78-41D7-80ED-52EDDCC04526}"
EndProject
Project("{2150E333-8FDC-42A3-9474-1A3956D46DE8}") = "S17", "S17", "{C5C8FBD3-18E6-4318-9F1A-DC638AB4B291}"
EndProject
Project("{9A19103F-16F7-4668-BE54-9A1E7A4F7556}") = "App", "..\..\demo\Interception\S17\App\App.csproj", "{5AF63244-44AD-4368-BD14-1E1FA4DF49A6}"
EndProject
Project("{2150E333-8FDC-42A3-9474-1A3956D46DE8}") = "S18", "S18", "{3FF10127-4991-4A90-9EF7-89ADAD197F36}"
EndProject
Project("{9A19103F-16F7-4668-BE54-9A1E7A4F7556}") = "App", "..\..\demo\Interception\S18\App\App.csproj", "{CDCFD6ED-B964-459F-9F40-2B003956C8B3}"
EndProject
Project("{2150E333-8FDC-42A3-9474-1A3956D46DE8}") = "S19", "S19", "{8F512091-038D-426F-B097-F5E2D8D685BF}"
EndProject
Project("{9A19103F-16F7-4668-BE54-9A1E7A4F7556}") = "App", "..\..\demo\Interception\S19\App\App.csproj", "{7F8915C4-8D12-4E2D-ADFA-E2C7C39A308A}"
EndProject
Project("{2150E333-8FDC-42A3-9474-1A3956D46DE8}") = "03. Apply_Interceptor_via_Attribute", "03. Apply_Interceptor_via_Attribute", "{F2D5F748-1A05-43D8-81D4-644A5AFD25FF}"
EndProject
Project("{2150E333-8FDC-42A3-9474-1A3956D46DE8}") = "S20", "S20", "{725F2CF8-6558-4C15-B8CE-BDB149471E7B}"
EndProject
Project("{9A19103F-16F7-4668-BE54-9A1E7A4F7556}") = "App", "..\..\demo\Interception\S20\App\App.csproj", "{8F065A3A-98A6-4B20-B768-E5B35258107C}"
EndProject
Project("{2150E333-8FDC-42A3-9474-1A3956D46DE8}") = "S21", "S21", "{7B30E51F-F079-4007-BC07-3A1F82452358}"
EndProject
Project("{9A19103F-16F7-4668-BE54-9A1E7A4F7556}") = "App", "..\..\demo\Interception\S21\App\App.csproj", "{F4FD7A18-47E9-47E6-9BE1-08B74150B3EE}"
EndProject
Project("{2150E333-8FDC-42A3-9474-1A3956D46DE8}") = "S22", "S22", "{9F363B03-30AA-4B41-A18C-0312994A61F5}"
EndProject
Project("{9A19103F-16F7-4668-BE54-9A1E7A4F7556}") = "App", "..\..\demo\Interception\S22\App\App.csproj", "{56946A5C-BDF8-4B60-9FA9-0AF52790E5AC}"
EndProject
Project("{2150E333-8FDC-42A3-9474-1A3956D46DE8}") = "S23", "S23", "{B9D56687-B069-41D2-9FBB-2D2E23065F45}"
EndProject
Project("{9A19103F-16F7-4668-BE54-9A1E7A4F7556}") = "App", "..\..\demo\Interception\S23\App\App.csproj", "{80E112F4-8DB3-47F9-9093-E56951E7C4C1}"
EndProject
Project("{2150E333-8FDC-42A3-9474-1A3956D46DE8}") = "S24", "S24", "{61442499-B06B-4691-A678-D3920F9AB0B1}"
EndProject
Project("{9A19103F-16F7-4668-BE54-9A1E7A4F7556}") = "App", "..\..\demo\Interception\S24\App\App.csproj", "{95A04E3F-62EC-4190-B985-52A33DCAC1E5}"
EndProject
Project("{2150E333-8FDC-42A3-9474-1A3956D46DE8}") = "04. Appy_interceptor_via_Expression", "04. Appy_interceptor_via_Expression", "{326EC623-84C1-4F9F-8DAF-4666F9EE99E3}"
EndProject
Project("{2150E333-8FDC-42A3-9474-1A3956D46DE8}") = "S25", "S25", "{A138BA7F-E3B3-428F-9D6A-8797D99CAEB6}"
EndProject
Project("{9A19103F-16F7-4668-BE54-9A1E7A4F7556}") = "App", "..\..\demo\Interception\S25\App\App.csproj", "{39F384C4-04E9-4C22-9348-14CC98C3C38F}"
EndProject
Project("{2150E333-8FDC-42A3-9474-1A3956D46DE8}") = "S14X", "S14X", "{EE1BFD54-DE38-41F8-9F81-B79339C7505F}"
EndProject
Project("{9A19103F-16F7-4668-BE54-9A1E7A4F7556}") = "App", "..\..\demo\Interception\S14X\App\App.csproj", "{8FBC9723-1F6C-4C3B-BC10-E5A210BCE57E}"
EndProject
Project("{2150E333-8FDC-42A3-9474-1A3956D46DE8}") = "S18X", "S18X", "{974454DE-6C04-415E-85C6-B7CBCECA3FC9}"
EndProject
Project("{9A19103F-16F7-4668-BE54-9A1E7A4F7556}") = "App", "..\..\demo\Interception\S18X\App\App.csproj", "{C958098E-1ABA-420A-9F62-EC1F074CBFA7}"
EndProject
Project("{2150E333-8FDC-42A3-9474-1A3956D46DE8}") = "05. Customization", "05. Customization", "{A4DE330F-1C76-4249-9678-C4E9681D7809}"
EndProject
Project("{2150E333-8FDC-42A3-9474-1A3956D46DE8}") = "06. Code_generation", "06. Code_generation", "{CC6ABD6D-7CDD-45F1-981E-02A932993E93}"
EndProject
Project("{2150E333-8FDC-42A3-9474-1A3956D46DE8}") = "S26", "S26", "{1861E096-F24C-49E5-9352-2F5985FB7E89}"
EndProject
Project("{9A19103F-16F7-4668-BE54-9A1E7A4F7556}") = "App", "..\..\demo\Interception\S26\App\App.csproj", "{E0CB428C-522F-4EDA-AD82-6DFCC2F04400}"
EndProject
Global
	GlobalSection(SolutionConfigurationPlatforms) = preSolution
		Debug|Any CPU = Debug|Any CPU
		Release|Any CPU = Release|Any CPU
	EndGlobalSection
	GlobalSection(ProjectConfigurationPlatforms) = postSolution
		{E6436C30-093F-413A-B295-6DF1D54F5CF1}.Debug|Any CPU.ActiveCfg = Debug|Any CPU
		{E6436C30-093F-413A-B295-6DF1D54F5CF1}.Debug|Any CPU.Build.0 = Debug|Any CPU
		{E6436C30-093F-413A-B295-6DF1D54F5CF1}.Release|Any CPU.ActiveCfg = Release|Any CPU
		{E6436C30-093F-413A-B295-6DF1D54F5CF1}.Release|Any CPU.Build.0 = Release|Any CPU
		{281ECED7-9423-4E3C-B820-831CE03663A3}.Debug|Any CPU.ActiveCfg = Debug|Any CPU
		{281ECED7-9423-4E3C-B820-831CE03663A3}.Debug|Any CPU.Build.0 = Debug|Any CPU
		{281ECED7-9423-4E3C-B820-831CE03663A3}.Release|Any CPU.ActiveCfg = Release|Any CPU
		{281ECED7-9423-4E3C-B820-831CE03663A3}.Release|Any CPU.Build.0 = Release|Any CPU
		{948CEB19-0032-4C21-8057-C59AF5396F62}.Debug|Any CPU.ActiveCfg = Debug|Any CPU
		{948CEB19-0032-4C21-8057-C59AF5396F62}.Debug|Any CPU.Build.0 = Debug|Any CPU
		{948CEB19-0032-4C21-8057-C59AF5396F62}.Release|Any CPU.ActiveCfg = Release|Any CPU
		{948CEB19-0032-4C21-8057-C59AF5396F62}.Release|Any CPU.Build.0 = Release|Any CPU
		{BA17F566-7F04-4625-B8CA-BEAF3C624BEA}.Debug|Any CPU.ActiveCfg = Debug|Any CPU
		{BA17F566-7F04-4625-B8CA-BEAF3C624BEA}.Debug|Any CPU.Build.0 = Debug|Any CPU
		{BA17F566-7F04-4625-B8CA-BEAF3C624BEA}.Release|Any CPU.ActiveCfg = Release|Any CPU
		{BA17F566-7F04-4625-B8CA-BEAF3C624BEA}.Release|Any CPU.Build.0 = Release|Any CPU
		{B681953A-B20C-4E54-8E5A-1625CD9433FB}.Debug|Any CPU.ActiveCfg = Debug|Any CPU
		{B681953A-B20C-4E54-8E5A-1625CD9433FB}.Debug|Any CPU.Build.0 = Debug|Any CPU
		{B681953A-B20C-4E54-8E5A-1625CD9433FB}.Release|Any CPU.ActiveCfg = Release|Any CPU
		{B681953A-B20C-4E54-8E5A-1625CD9433FB}.Release|Any CPU.Build.0 = Release|Any CPU
		{6CD3BB93-3AFE-4C4A-8355-3CF7650B7F75}.Debug|Any CPU.ActiveCfg = Debug|Any CPU
		{6CD3BB93-3AFE-4C4A-8355-3CF7650B7F75}.Debug|Any CPU.Build.0 = Debug|Any CPU
		{6CD3BB93-3AFE-4C4A-8355-3CF7650B7F75}.Release|Any CPU.ActiveCfg = Release|Any CPU
		{6CD3BB93-3AFE-4C4A-8355-3CF7650B7F75}.Release|Any CPU.Build.0 = Release|Any CPU
		{4B6A5C08-D570-49D4-B570-92C6BAA14935}.Debug|Any CPU.ActiveCfg = Debug|Any CPU
		{4B6A5C08-D570-49D4-B570-92C6BAA14935}.Debug|Any CPU.Build.0 = Debug|Any CPU
		{4B6A5C08-D570-49D4-B570-92C6BAA14935}.Release|Any CPU.ActiveCfg = Release|Any CPU
		{4B6A5C08-D570-49D4-B570-92C6BAA14935}.Release|Any CPU.Build.0 = Release|Any CPU
		{47FBA8DC-30A9-4B44-9E9F-6AAFFAC0F24B}.Debug|Any CPU.ActiveCfg = Debug|Any CPU
		{47FBA8DC-30A9-4B44-9E9F-6AAFFAC0F24B}.Debug|Any CPU.Build.0 = Debug|Any CPU
		{47FBA8DC-30A9-4B44-9E9F-6AAFFAC0F24B}.Release|Any CPU.ActiveCfg = Release|Any CPU
		{47FBA8DC-30A9-4B44-9E9F-6AAFFAC0F24B}.Release|Any CPU.Build.0 = Release|Any CPU
		{83544DC1-DA0E-425A-A3D0-8E6CFEF2CBC4}.Debug|Any CPU.ActiveCfg = Debug|Any CPU
		{83544DC1-DA0E-425A-A3D0-8E6CFEF2CBC4}.Debug|Any CPU.Build.0 = Debug|Any CPU
		{83544DC1-DA0E-425A-A3D0-8E6CFEF2CBC4}.Release|Any CPU.ActiveCfg = Release|Any CPU
		{83544DC1-DA0E-425A-A3D0-8E6CFEF2CBC4}.Release|Any CPU.Build.0 = Release|Any CPU
		{0557D8BB-D4FD-4198-988C-4851C3C03CD7}.Debug|Any CPU.ActiveCfg = Debug|Any CPU
		{0557D8BB-D4FD-4198-988C-4851C3C03CD7}.Debug|Any CPU.Build.0 = Debug|Any CPU
		{0557D8BB-D4FD-4198-988C-4851C3C03CD7}.Release|Any CPU.ActiveCfg = Release|Any CPU
		{0557D8BB-D4FD-4198-988C-4851C3C03CD7}.Release|Any CPU.Build.0 = Release|Any CPU
		{3AE851EF-4925-4323-81CB-0064D572FB59}.Debug|Any CPU.ActiveCfg = Debug|Any CPU
		{3AE851EF-4925-4323-81CB-0064D572FB59}.Debug|Any CPU.Build.0 = Debug|Any CPU
		{3AE851EF-4925-4323-81CB-0064D572FB59}.Release|Any CPU.ActiveCfg = Release|Any CPU
		{3AE851EF-4925-4323-81CB-0064D572FB59}.Release|Any CPU.Build.0 = Release|Any CPU
		{3C128E78-1FE4-4160-B4BB-F75EEBA3E6C9}.Debug|Any CPU.ActiveCfg = Debug|Any CPU
		{3C128E78-1FE4-4160-B4BB-F75EEBA3E6C9}.Debug|Any CPU.Build.0 = Debug|Any CPU
		{3C128E78-1FE4-4160-B4BB-F75EEBA3E6C9}.Release|Any CPU.ActiveCfg = Release|Any CPU
		{3C128E78-1FE4-4160-B4BB-F75EEBA3E6C9}.Release|Any CPU.Build.0 = Release|Any CPU
		{6689447C-AC29-48A9-877E-1E601E64F40C}.Debug|Any CPU.ActiveCfg = Debug|Any CPU
		{6689447C-AC29-48A9-877E-1E601E64F40C}.Debug|Any CPU.Build.0 = Debug|Any CPU
		{6689447C-AC29-48A9-877E-1E601E64F40C}.Release|Any CPU.ActiveCfg = Release|Any CPU
		{6689447C-AC29-48A9-877E-1E601E64F40C}.Release|Any CPU.Build.0 = Release|Any CPU
		{D3B854F6-B697-401B-9BB8-6AF98FE288B1}.Debug|Any CPU.ActiveCfg = Debug|Any CPU
		{D3B854F6-B697-401B-9BB8-6AF98FE288B1}.Debug|Any CPU.Build.0 = Debug|Any CPU
		{D3B854F6-B697-401B-9BB8-6AF98FE288B1}.Release|Any CPU.ActiveCfg = Release|Any CPU
		{D3B854F6-B697-401B-9BB8-6AF98FE288B1}.Release|Any CPU.Build.0 = Release|Any CPU
		{634725F2-66E0-40EC-B4B4-99D1E6BF6D4E}.Debug|Any CPU.ActiveCfg = Debug|Any CPU
		{634725F2-66E0-40EC-B4B4-99D1E6BF6D4E}.Debug|Any CPU.Build.0 = Debug|Any CPU
		{634725F2-66E0-40EC-B4B4-99D1E6BF6D4E}.Release|Any CPU.ActiveCfg = Release|Any CPU
		{634725F2-66E0-40EC-B4B4-99D1E6BF6D4E}.Release|Any CPU.Build.0 = Release|Any CPU
		{4BFC95BA-BF30-4699-8CD5-02F9065B7D53}.Debug|Any CPU.ActiveCfg = Debug|Any CPU
		{4BFC95BA-BF30-4699-8CD5-02F9065B7D53}.Debug|Any CPU.Build.0 = Debug|Any CPU
		{4BFC95BA-BF30-4699-8CD5-02F9065B7D53}.Release|Any CPU.ActiveCfg = Release|Any CPU
		{4BFC95BA-BF30-4699-8CD5-02F9065B7D53}.Release|Any CPU.Build.0 = Release|Any CPU
		{B0FC8393-3627-4A68-BF22-9B13962FD120}.Debug|Any CPU.ActiveCfg = Debug|Any CPU
		{B0FC8393-3627-4A68-BF22-9B13962FD120}.Debug|Any CPU.Build.0 = Debug|Any CPU
		{B0FC8393-3627-4A68-BF22-9B13962FD120}.Release|Any CPU.ActiveCfg = Release|Any CPU
		{B0FC8393-3627-4A68-BF22-9B13962FD120}.Release|Any CPU.Build.0 = Release|Any CPU
		{8997D737-68ED-4836-B45F-8A243B2CF9FA}.Debug|Any CPU.ActiveCfg = Debug|Any CPU
		{8997D737-68ED-4836-B45F-8A243B2CF9FA}.Debug|Any CPU.Build.0 = Debug|Any CPU
		{8997D737-68ED-4836-B45F-8A243B2CF9FA}.Release|Any CPU.ActiveCfg = Release|Any CPU
		{8997D737-68ED-4836-B45F-8A243B2CF9FA}.Release|Any CPU.Build.0 = Release|Any CPU
		{0DB6C2A3-5A78-41D7-80ED-52EDDCC04526}.Debug|Any CPU.ActiveCfg = Debug|Any CPU
		{0DB6C2A3-5A78-41D7-80ED-52EDDCC04526}.Debug|Any CPU.Build.0 = Debug|Any CPU
		{0DB6C2A3-5A78-41D7-80ED-52EDDCC04526}.Release|Any CPU.ActiveCfg = Release|Any CPU
		{0DB6C2A3-5A78-41D7-80ED-52EDDCC04526}.Release|Any CPU.Build.0 = Release|Any CPU
		{5AF63244-44AD-4368-BD14-1E1FA4DF49A6}.Debug|Any CPU.ActiveCfg = Debug|Any CPU
		{5AF63244-44AD-4368-BD14-1E1FA4DF49A6}.Debug|Any CPU.Build.0 = Debug|Any CPU
		{5AF63244-44AD-4368-BD14-1E1FA4DF49A6}.Release|Any CPU.ActiveCfg = Release|Any CPU
		{5AF63244-44AD-4368-BD14-1E1FA4DF49A6}.Release|Any CPU.Build.0 = Release|Any CPU
		{CDCFD6ED-B964-459F-9F40-2B003956C8B3}.Debug|Any CPU.ActiveCfg = Debug|Any CPU
		{CDCFD6ED-B964-459F-9F40-2B003956C8B3}.Debug|Any CPU.Build.0 = Debug|Any CPU
		{CDCFD6ED-B964-459F-9F40-2B003956C8B3}.Release|Any CPU.ActiveCfg = Release|Any CPU
		{CDCFD6ED-B964-459F-9F40-2B003956C8B3}.Release|Any CPU.Build.0 = Release|Any CPU
		{7F8915C4-8D12-4E2D-ADFA-E2C7C39A308A}.Debug|Any CPU.ActiveCfg = Debug|Any CPU
		{7F8915C4-8D12-4E2D-ADFA-E2C7C39A308A}.Debug|Any CPU.Build.0 = Debug|Any CPU
		{7F8915C4-8D12-4E2D-ADFA-E2C7C39A308A}.Release|Any CPU.ActiveCfg = Release|Any CPU
		{7F8915C4-8D12-4E2D-ADFA-E2C7C39A308A}.Release|Any CPU.Build.0 = Release|Any CPU
		{8F065A3A-98A6-4B20-B768-E5B35258107C}.Debug|Any CPU.ActiveCfg = Debug|Any CPU
		{8F065A3A-98A6-4B20-B768-E5B35258107C}.Debug|Any CPU.Build.0 = Debug|Any CPU
		{8F065A3A-98A6-4B20-B768-E5B35258107C}.Release|Any CPU.ActiveCfg = Release|Any CPU
		{8F065A3A-98A6-4B20-B768-E5B35258107C}.Release|Any CPU.Build.0 = Release|Any CPU
		{F4FD7A18-47E9-47E6-9BE1-08B74150B3EE}.Debug|Any CPU.ActiveCfg = Debug|Any CPU
		{F4FD7A18-47E9-47E6-9BE1-08B74150B3EE}.Debug|Any CPU.Build.0 = Debug|Any CPU
		{F4FD7A18-47E9-47E6-9BE1-08B74150B3EE}.Release|Any CPU.ActiveCfg = Release|Any CPU
		{F4FD7A18-47E9-47E6-9BE1-08B74150B3EE}.Release|Any CPU.Build.0 = Release|Any CPU
		{56946A5C-BDF8-4B60-9FA9-0AF52790E5AC}.Debug|Any CPU.ActiveCfg = Debug|Any CPU
		{56946A5C-BDF8-4B60-9FA9-0AF52790E5AC}.Debug|Any CPU.Build.0 = Debug|Any CPU
		{56946A5C-BDF8-4B60-9FA9-0AF52790E5AC}.Release|Any CPU.ActiveCfg = Release|Any CPU
		{56946A5C-BDF8-4B60-9FA9-0AF52790E5AC}.Release|Any CPU.Build.0 = Release|Any CPU
		{80E112F4-8DB3-47F9-9093-E56951E7C4C1}.Debug|Any CPU.ActiveCfg = Debug|Any CPU
		{80E112F4-8DB3-47F9-9093-E56951E7C4C1}.Debug|Any CPU.Build.0 = Debug|Any CPU
		{80E112F4-8DB3-47F9-9093-E56951E7C4C1}.Release|Any CPU.ActiveCfg = Release|Any CPU
		{80E112F4-8DB3-47F9-9093-E56951E7C4C1}.Release|Any CPU.Build.0 = Release|Any CPU
		{95A04E3F-62EC-4190-B985-52A33DCAC1E5}.Debug|Any CPU.ActiveCfg = Debug|Any CPU
		{95A04E3F-62EC-4190-B985-52A33DCAC1E5}.Debug|Any CPU.Build.0 = Debug|Any CPU
		{95A04E3F-62EC-4190-B985-52A33DCAC1E5}.Release|Any CPU.ActiveCfg = Release|Any CPU
		{95A04E3F-62EC-4190-B985-52A33DCAC1E5}.Release|Any CPU.Build.0 = Release|Any CPU
		{39F384C4-04E9-4C22-9348-14CC98C3C38F}.Debug|Any CPU.ActiveCfg = Debug|Any CPU
		{39F384C4-04E9-4C22-9348-14CC98C3C38F}.Debug|Any CPU.Build.0 = Debug|Any CPU
		{39F384C4-04E9-4C22-9348-14CC98C3C38F}.Release|Any CPU.ActiveCfg = Release|Any CPU
		{39F384C4-04E9-4C22-9348-14CC98C3C38F}.Release|Any CPU.Build.0 = Release|Any CPU
		{8FBC9723-1F6C-4C3B-BC10-E5A210BCE57E}.Debug|Any CPU.ActiveCfg = Debug|Any CPU
		{8FBC9723-1F6C-4C3B-BC10-E5A210BCE57E}.Debug|Any CPU.Build.0 = Debug|Any CPU
		{8FBC9723-1F6C-4C3B-BC10-E5A210BCE57E}.Release|Any CPU.ActiveCfg = Release|Any CPU
		{8FBC9723-1F6C-4C3B-BC10-E5A210BCE57E}.Release|Any CPU.Build.0 = Release|Any CPU
		{C958098E-1ABA-420A-9F62-EC1F074CBFA7}.Debug|Any CPU.ActiveCfg = Debug|Any CPU
		{C958098E-1ABA-420A-9F62-EC1F074CBFA7}.Debug|Any CPU.Build.0 = Debug|Any CPU
		{C958098E-1ABA-420A-9F62-EC1F074CBFA7}.Release|Any CPU.ActiveCfg = Release|Any CPU
		{C958098E-1ABA-420A-9F62-EC1F074CBFA7}.Release|Any CPU.Build.0 = Release|Any CPU
		{E0CB428C-522F-4EDA-AD82-6DFCC2F04400}.Debug|Any CPU.ActiveCfg = Debug|Any CPU
		{E0CB428C-522F-4EDA-AD82-6DFCC2F04400}.Debug|Any CPU.Build.0 = Debug|Any CPU
		{E0CB428C-522F-4EDA-AD82-6DFCC2F04400}.Release|Any CPU.ActiveCfg = Release|Any CPU
		{E0CB428C-522F-4EDA-AD82-6DFCC2F04400}.Release|Any CPU.Build.0 = Release|Any CPU
	EndGlobalSection
	GlobalSection(SolutionProperties) = preSolution
		HideSolutionNode = FALSE
	EndGlobalSection
	GlobalSection(NestedProjects) = preSolution
		{E6436C30-093F-413A-B295-6DF1D54F5CF1} = {90CDCE86-5086-4928-B94E-EAE06530693D}
		{00BFBA7F-B45D-41A3-9BF3-FA85A784B7DE} = {18F8DD23-55E6-4B4F-8C35-3613785A0093}
		{281ECED7-9423-4E3C-B820-831CE03663A3} = {90CDCE86-5086-4928-B94E-EAE06530693D}
		{948CEB19-0032-4C21-8057-C59AF5396F62} = {83290A38-44CF-4E73-ABA6-99A9113E52BB}
		{C6290AF4-D55F-40DC-97DC-66F27342FBBE} = {710E8F90-2B9E-4C2A-829F-FEAEF556FE8F}
		{BA17F566-7F04-4625-B8CA-BEAF3C624BEA} = {C6290AF4-D55F-40DC-97DC-66F27342FBBE}
		{AF417AB7-1F75-4843-821D-A5C34EE4AB16} = {710E8F90-2B9E-4C2A-829F-FEAEF556FE8F}
		{B681953A-B20C-4E54-8E5A-1625CD9433FB} = {AF417AB7-1F75-4843-821D-A5C34EE4AB16}
		{CD50693F-4E0A-46D8-A4CF-3EDD0437F344} = {710E8F90-2B9E-4C2A-829F-FEAEF556FE8F}
		{6CD3BB93-3AFE-4C4A-8355-3CF7650B7F75} = {CD50693F-4E0A-46D8-A4CF-3EDD0437F344}
		{BD2D39CF-A123-4F26-BE4A-FF80D667C9EA} = {710E8F90-2B9E-4C2A-829F-FEAEF556FE8F}
		{4B6A5C08-D570-49D4-B570-92C6BAA14935} = {BD2D39CF-A123-4F26-BE4A-FF80D667C9EA}
		{499F7A6C-09A8-49E3-B53A-EF1B7C603B02} = {710E8F90-2B9E-4C2A-829F-FEAEF556FE8F}
		{47FBA8DC-30A9-4B44-9E9F-6AAFFAC0F24B} = {499F7A6C-09A8-49E3-B53A-EF1B7C603B02}
		{B324141B-1589-4F15-B7A8-9E140F182EAA} = {710E8F90-2B9E-4C2A-829F-FEAEF556FE8F}
		{83544DC1-DA0E-425A-A3D0-8E6CFEF2CBC4} = {B324141B-1589-4F15-B7A8-9E140F182EAA}
		{585159E8-0ADC-4B65-BEEB-1585A6D94EB8} = {710E8F90-2B9E-4C2A-829F-FEAEF556FE8F}
		{0557D8BB-D4FD-4198-988C-4851C3C03CD7} = {585159E8-0ADC-4B65-BEEB-1585A6D94EB8}
		{710E8F90-2B9E-4C2A-829F-FEAEF556FE8F} = {3FCBC6A3-A837-4E38-805F-E0CEE02C34C0}
		{79C3731E-6904-46B7-B8F0-2A911D14DBD9} = {CA05F39B-4A0B-4072-961E-B1A37E1235AF}
		{3AE851EF-4925-4323-81CB-0064D572FB59} = {79C3731E-6904-46B7-B8F0-2A911D14DBD9}
		{8B63A730-356E-4635-ADF3-192345D07417} = {CA05F39B-4A0B-4072-961E-B1A37E1235AF}
		{3C128E78-1FE4-4160-B4BB-F75EEBA3E6C9} = {8B63A730-356E-4635-ADF3-192345D07417}
		{8939CBCD-FC12-436B-ACA1-5BFC6D9AAB92} = {CA05F39B-4A0B-4072-961E-B1A37E1235AF}
		{6689447C-AC29-48A9-877E-1E601E64F40C} = {8939CBCD-FC12-436B-ACA1-5BFC6D9AAB92}
		{5A613DEA-7851-4CCE-AD2D-DC49CF2C08DE} = {CA05F39B-4A0B-4072-961E-B1A37E1235AF}
		{D3B854F6-B697-401B-9BB8-6AF98FE288B1} = {5A613DEA-7851-4CCE-AD2D-DC49CF2C08DE}
		{2EA4B09A-111A-4B59-80B6-5648216F8331} = {CA05F39B-4A0B-4072-961E-B1A37E1235AF}
		{634725F2-66E0-40EC-B4B4-99D1E6BF6D4E} = {2EA4B09A-111A-4B59-80B6-5648216F8331}
		{8FFD93E1-5A75-4297-903D-39A7E1B371FA} = {CA05F39B-4A0B-4072-961E-B1A37E1235AF}
		{4BFC95BA-BF30-4699-8CD5-02F9065B7D53} = {8FFD93E1-5A75-4297-903D-39A7E1B371FA}
		{EEC6042F-6C56-4E2D-A9FD-48F7DA86393A} = {CA05F39B-4A0B-4072-961E-B1A37E1235AF}
		{B0FC8393-3627-4A68-BF22-9B13962FD120} = {EEC6042F-6C56-4E2D-A9FD-48F7DA86393A}
		{6CAE22D4-8A7A-45E8-A8C8-C14671BF4D49} = {CA05F39B-4A0B-4072-961E-B1A37E1235AF}
		{8997D737-68ED-4836-B45F-8A243B2CF9FA} = {6CAE22D4-8A7A-45E8-A8C8-C14671BF4D49}
		{CA05F39B-4A0B-4072-961E-B1A37E1235AF} = {3FCBC6A3-A837-4E38-805F-E0CEE02C34C0}
		{177EA03A-5451-4CF3-ACF6-7AECA19EFA59} = {F2D5F748-1A05-43D8-81D4-644A5AFD25FF}
		{0DB6C2A3-5A78-41D7-80ED-52EDDCC04526} = {177EA03A-5451-4CF3-ACF6-7AECA19EFA59}
		{C5C8FBD3-18E6-4318-9F1A-DC638AB4B291} = {F2D5F748-1A05-43D8-81D4-644A5AFD25FF}
		{5AF63244-44AD-4368-BD14-1E1FA4DF49A6} = {C5C8FBD3-18E6-4318-9F1A-DC638AB4B291}
		{3FF10127-4991-4A90-9EF7-89ADAD197F36} = {F2D5F748-1A05-43D8-81D4-644A5AFD25FF}
		{CDCFD6ED-B964-459F-9F40-2B003956C8B3} = {3FF10127-4991-4A90-9EF7-89ADAD197F36}
		{8F512091-038D-426F-B097-F5E2D8D685BF} = {F2D5F748-1A05-43D8-81D4-644A5AFD25FF}
		{7F8915C4-8D12-4E2D-ADFA-E2C7C39A308A} = {8F512091-038D-426F-B097-F5E2D8D685BF}
		{F2D5F748-1A05-43D8-81D4-644A5AFD25FF} = {3FCBC6A3-A837-4E38-805F-E0CEE02C34C0}
		{725F2CF8-6558-4C15-B8CE-BDB149471E7B} = {326EC623-84C1-4F9F-8DAF-4666F9EE99E3}
		{8F065A3A-98A6-4B20-B768-E5B35258107C} = {725F2CF8-6558-4C15-B8CE-BDB149471E7B}
		{7B30E51F-F079-4007-BC07-3A1F82452358} = {326EC623-84C1-4F9F-8DAF-4666F9EE99E3}
		{F4FD7A18-47E9-47E6-9BE1-08B74150B3EE} = {7B30E51F-F079-4007-BC07-3A1F82452358}
		{9F363B03-30AA-4B41-A18C-0312994A61F5} = {326EC623-84C1-4F9F-8DAF-4666F9EE99E3}
		{56946A5C-BDF8-4B60-9FA9-0AF52790E5AC} = {9F363B03-30AA-4B41-A18C-0312994A61F5}
		{B9D56687-B069-41D2-9FBB-2D2E23065F45} = {326EC623-84C1-4F9F-8DAF-4666F9EE99E3}
		{80E112F4-8DB3-47F9-9093-E56951E7C4C1} = {B9D56687-B069-41D2-9FBB-2D2E23065F45}
		{61442499-B06B-4691-A678-D3920F9AB0B1} = {326EC623-84C1-4F9F-8DAF-4666F9EE99E3}
		{95A04E3F-62EC-4190-B985-52A33DCAC1E5} = {61442499-B06B-4691-A678-D3920F9AB0B1}
		{326EC623-84C1-4F9F-8DAF-4666F9EE99E3} = {3FCBC6A3-A837-4E38-805F-E0CEE02C34C0}
		{A138BA7F-E3B3-428F-9D6A-8797D99CAEB6} = {A4DE330F-1C76-4249-9678-C4E9681D7809}
		{39F384C4-04E9-4C22-9348-14CC98C3C38F} = {A138BA7F-E3B3-428F-9D6A-8797D99CAEB6}
		{EE1BFD54-DE38-41F8-9F81-B79339C7505F} = {CA05F39B-4A0B-4072-961E-B1A37E1235AF}
		{8FBC9723-1F6C-4C3B-BC10-E5A210BCE57E} = {EE1BFD54-DE38-41F8-9F81-B79339C7505F}
		{974454DE-6C04-415E-85C6-B7CBCECA3FC9} = {F2D5F748-1A05-43D8-81D4-644A5AFD25FF}
		{C958098E-1ABA-420A-9F62-EC1F074CBFA7} = {974454DE-6C04-415E-85C6-B7CBCECA3FC9}
		{A4DE330F-1C76-4249-9678-C4E9681D7809} = {3FCBC6A3-A837-4E38-805F-E0CEE02C34C0}
		{CC6ABD6D-7CDD-45F1-981E-02A932993E93} = {3FCBC6A3-A837-4E38-805F-E0CEE02C34C0}
		{1861E096-F24C-49E5-9352-2F5985FB7E89} = {CC6ABD6D-7CDD-45F1-981E-02A932993E93}
		{E0CB428C-522F-4EDA-AD82-6DFCC2F04400} = {1861E096-F24C-49E5-9352-2F5985FB7E89}
	EndGlobalSection
	GlobalSection(ExtensibilityGlobals) = postSolution
		SolutionGuid = {29BD750D-AA28-4D2E-B557-3A0C844FBAE7}
	EndGlobalSection
	GlobalSection(SharedMSBuildProjectFiles) = preSolution
		..\Shared\Shared.projitems*{00bfba7f-b45d-41a3-9bf3-fa85a784b7de}*SharedItemsImports = 13
		..\Shared\Shared.projitems*{e6436c30-093f-413a-b295-6df1d54f5cf1}*SharedItemsImports = 5
	EndGlobalSection
EndGlobal
