
Microsoft Visual Studio Solution File, Format Version 12.00
# Visual Studio 15
VisualStudioVersion = 15.0.26228.4
MinimumVisualStudioVersion = 10.0.40219.1
Project("{2150E333-8FDC-42A3-9474-1A3956D46DE8}") = "src", "src", "{95AF4750-EA6F-4E2D-A679-F659B2C67899}"
EndProject
Project("{FAE04EC0-301F-11D3-BF4B-00C04F79EFBC}") = "Dora.Caching", "Dora.Caching\Dora.Caching.csproj", "{096CE225-BF85-45C2-8BC5-702252E5337E}"
EndProject
Project("{FAE04EC0-301F-11D3-BF4B-00C04F79EFBC}") = "Dora.Caching.Memory", "Dora.Caching.Memory\Dora.Caching.Memory.csproj", "{E93C2A32-6641-4458-A676-96E94CB6A5C9}"
EndProject
Project("{2150E333-8FDC-42A3-9474-1A3956D46DE8}") = "test", "test", "{6E12BC03-097D-4DD6-A19E-B1946BD80D55}"
EndProject
Project("{FAE04EC0-301F-11D3-BF4B-00C04F79EFBC}") = "Dora.Caching.Test", "..\..\test\Caching\Dora.Caching.Test\Dora.Caching.Test.csproj", "{30FE3327-AF57-4594-9402-C5545886DBFE}"
EndProject
Project("{FAE04EC0-301F-11D3-BF4B-00C04F79EFBC}") = "Dora.Caching.Distributed", "Dora.Caching.Distributed\Dora.Caching.Distributed.csproj", "{E0602479-124C-4106-BEF7-1EE6CBD64480}"
EndProject
Project("{FAE04EC0-301F-11D3-BF4B-00C04F79EFBC}") = "Dora.Caching.Distributed.Json", "Dora.Caching.Distributed.Json\Dora.Caching.Distributed.Json.csproj", "{0D0B9B9B-8D2B-43AA-B517-F9768BE5F769}"
EndProject
Global
	GlobalSection(SolutionConfigurationPlatforms) = preSolution
		Debug|Any CPU = Debug|Any CPU
		Release|Any CPU = Release|Any CPU
	EndGlobalSection
	GlobalSection(ProjectConfigurationPlatforms) = postSolution
		{096CE225-BF85-45C2-8BC5-702252E5337E}.Debug|Any CPU.ActiveCfg = Debug|Any CPU
		{096CE225-BF85-45C2-8BC5-702252E5337E}.Debug|Any CPU.Build.0 = Debug|Any CPU
		{096CE225-BF85-45C2-8BC5-702252E5337E}.Release|Any CPU.ActiveCfg = Release|Any CPU
		{096CE225-BF85-45C2-8BC5-702252E5337E}.Release|Any CPU.Build.0 = Release|Any CPU
		{E93C2A32-6641-4458-A676-96E94CB6A5C9}.Debug|Any CPU.ActiveCfg = Debug|Any CPU
		{E93C2A32-6641-4458-A676-96E94CB6A5C9}.Debug|Any CPU.Build.0 = Debug|Any CPU
		{E93C2A32-6641-4458-A676-96E94CB6A5C9}.Release|Any CPU.ActiveCfg = Release|Any CPU
		{E93C2A32-6641-4458-A676-96E94CB6A5C9}.Release|Any CPU.Build.0 = Release|Any CPU
		{30FE3327-AF57-4594-9402-C5545886DBFE}.Debug|Any CPU.ActiveCfg = Debug|Any CPU
		{30FE3327-AF57-4594-9402-C5545886DBFE}.Debug|Any CPU.Build.0 = Debug|Any CPU
		{30FE3327-AF57-4594-9402-C5545886DBFE}.Release|Any CPU.ActiveCfg = Release|Any CPU
		{30FE3327-AF57-4594-9402-C5545886DBFE}.Release|Any CPU.Build.0 = Release|Any CPU
		{E0602479-124C-4106-BEF7-1EE6CBD64480}.Debug|Any CPU.ActiveCfg = Debug|Any CPU
		{E0602479-124C-4106-BEF7-1EE6CBD64480}.Debug|Any CPU.Build.0 = Debug|Any CPU
		{E0602479-124C-4106-BEF7-1EE6CBD64480}.Release|Any CPU.ActiveCfg = Release|Any CPU
		{E0602479-124C-4106-BEF7-1EE6CBD64480}.Release|Any CPU.Build.0 = Release|Any CPU
		{0D0B9B9B-8D2B-43AA-B517-F9768BE5F769}.Debug|Any CPU.ActiveCfg = Debug|Any CPU
		{0D0B9B9B-8D2B-43AA-B517-F9768BE5F769}.Debug|Any CPU.Build.0 = Debug|Any CPU
		{0D0B9B9B-8D2B-43AA-B517-F9768BE5F769}.Release|Any CPU.ActiveCfg = Release|Any CPU
		{0D0B9B9B-8D2B-43AA-B517-F9768BE5F769}.Release|Any CPU.Build.0 = Release|Any CPU
	EndGlobalSection
	GlobalSection(SolutionProperties) = preSolution
		HideSolutionNode = FALSE
	EndGlobalSection
	GlobalSection(NestedProjects) = preSolution
		{096CE225-BF85-45C2-8BC5-702252E5337E} = {95AF4750-EA6F-4E2D-A679-F659B2C67899}
		{E93C2A32-6641-4458-A676-96E94CB6A5C9} = {95AF4750-EA6F-4E2D-A679-F659B2C67899}
		{30FE3327-AF57-4594-9402-C5545886DBFE} = {6E12BC03-097D-4DD6-A19E-B1946BD80D55}
		{E0602479-124C-4106-BEF7-1EE6CBD64480} = {95AF4750-EA6F-4E2D-A679-F659B2C67899}
		{0D0B9B9B-8D2B-43AA-B517-F9768BE5F769} = {95AF4750-EA6F-4E2D-A679-F659B2C67899}
	EndGlobalSection
EndGlobal
