
Microsoft Visual Studio Solution File, Format Version 12.00
# Visual Studio 15
VisualStudioVersion = 15.0.27004.2002
MinimumVisualStudioVersion = 10.0.40219.1
Project("{9A19103F-16F7-4668-BE54-9A1E7A4F7556}") = "Dora.DynamicProxy", "Dora.DynamicProxy\Dora.DynamicProxy.csproj", "{52545EC8-80F0-4E7D-9EEF-6C558E2FB7A2}"
EndProject
Project("{2150E333-8FDC-42A3-9474-1A3956D46DE8}") = "src", "src", "{075735DD-F84F-43A0-AA20-F789654CBB2F}"
EndProject
Project("{2150E333-8FDC-42A3-9474-1A3956D46DE8}") = "test", "test", "{0880F34F-5B4F-4813-9AE1-7F65B822FD56}"
EndProject
Project("{9A19103F-16F7-4668-BE54-9A1E7A4F7556}") = "Dora.DynamicProxy.Test", "..\..\test\DynamicProxy\Dora.DynamicProxy.Test\Dora.DynamicProxy.Test.csproj", "{16C73449-0ABC-4607-B6DC-70DB209DBA56}"
EndProject
Project("{2150E333-8FDC-42A3-9474-1A3956D46DE8}") = "demo", "demo", "{B0DD4629-930E-41FB-A031-877A9709FFB0}"
EndProject
Project("{FAE04EC0-301F-11D3-BF4B-00C04F79EFBC}") = "Demo1", "..\..\demo\DynamicProxy\Demo1\Demo1.csproj", "{65F65B0C-B0C0-4A50-B592-A0F0F153BFB1}"
EndProject
Project("{FAE04EC0-301F-11D3-BF4B-00C04F79EFBC}") = "Demo2", "..\..\demo\DynamicProxy\Demo2\Demo2.csproj", "{5151B683-3D3C-4808-9252-B2FBC51B8787}"
EndProject
Global
	GlobalSection(SolutionConfigurationPlatforms) = preSolution
		Debug|Any CPU = Debug|Any CPU
		Release|Any CPU = Release|Any CPU
	EndGlobalSection
	GlobalSection(ProjectConfigurationPlatforms) = postSolution
		{52545EC8-80F0-4E7D-9EEF-6C558E2FB7A2}.Debug|Any CPU.ActiveCfg = Debug|Any CPU
		{52545EC8-80F0-4E7D-9EEF-6C558E2FB7A2}.Debug|Any CPU.Build.0 = Debug|Any CPU
		{52545EC8-80F0-4E7D-9EEF-6C558E2FB7A2}.Release|Any CPU.ActiveCfg = Release|Any CPU
		{52545EC8-80F0-4E7D-9EEF-6C558E2FB7A2}.Release|Any CPU.Build.0 = Release|Any CPU
		{16C73449-0ABC-4607-B6DC-70DB209DBA56}.Debug|Any CPU.ActiveCfg = Debug|Any CPU
		{16C73449-0ABC-4607-B6DC-70DB209DBA56}.Debug|Any CPU.Build.0 = Debug|Any CPU
		{16C73449-0ABC-4607-B6DC-70DB209DBA56}.Release|Any CPU.ActiveCfg = Release|Any CPU
		{16C73449-0ABC-4607-B6DC-70DB209DBA56}.Release|Any CPU.Build.0 = Release|Any CPU
		{65F65B0C-B0C0-4A50-B592-A0F0F153BFB1}.Debug|Any CPU.ActiveCfg = Debug|Any CPU
		{65F65B0C-B0C0-4A50-B592-A0F0F153BFB1}.Debug|Any CPU.Build.0 = Debug|Any CPU
		{65F65B0C-B0C0-4A50-B592-A0F0F153BFB1}.Release|Any CPU.ActiveCfg = Release|Any CPU
		{65F65B0C-B0C0-4A50-B592-A0F0F153BFB1}.Release|Any CPU.Build.0 = Release|Any CPU
		{5151B683-3D3C-4808-9252-B2FBC51B8787}.Debug|Any CPU.ActiveCfg = Debug|Any CPU
		{5151B683-3D3C-4808-9252-B2FBC51B8787}.Debug|Any CPU.Build.0 = Debug|Any CPU
		{5151B683-3D3C-4808-9252-B2FBC51B8787}.Release|Any CPU.ActiveCfg = Release|Any CPU
		{5151B683-3D3C-4808-9252-B2FBC51B8787}.Release|Any CPU.Build.0 = Release|Any CPU
	EndGlobalSection
	GlobalSection(SolutionProperties) = preSolution
		HideSolutionNode = FALSE
	EndGlobalSection
	GlobalSection(NestedProjects) = preSolution
		{52545EC8-80F0-4E7D-9EEF-6C558E2FB7A2} = {075735DD-F84F-43A0-AA20-F789654CBB2F}
		{16C73449-0ABC-4607-B6DC-70DB209DBA56} = {0880F34F-5B4F-4813-9AE1-7F65B822FD56}
		{65F65B0C-B0C0-4A50-B592-A0F0F153BFB1} = {B0DD4629-930E-41FB-A031-877A9709FFB0}
		{5151B683-3D3C-4808-9252-B2FBC51B8787} = {B0DD4629-930E-41FB-A031-877A9709FFB0}
	EndGlobalSection
	GlobalSection(ExtensibilityGlobals) = postSolution
		SolutionGuid = {40D91DF8-AA35-43ED-BC3F-7783C79DE347}
	EndGlobalSection
EndGlobal
