
Microsoft Visual Studio Solution File, Format Version 12.00
# Visual Studio Version 16
VisualStudioVersion = 16.0.29324.140
MinimumVisualStudioVersion = 10.0.40219.1
Project("{2150E333-8FDC-42A3-9474-1A3956D46DE8}") = "src", "src", "{8A9A8F6A-4852-49B0-A4CF-468D5CDB0ABD}"
EndProject
Project("{2150E333-8FDC-42A3-9474-1A3956D46DE8}") = "test", "test", "{A403508B-E8F0-4B7E-BB30-3FE1554BC485}"
EndProject
Project("{2150E333-8FDC-42A3-9474-1A3956D46DE8}") = "demo", "demo", "{61BD3B4B-C901-426A-85F0-DDB515977B2A}"
EndProject
Project("{2150E333-8FDC-42A3-9474-1A3956D46DE8}") = "Solution Items", "Solution Items", "{9CB9A722-8E23-4F39-8474-F40F57281A7F}"
	ProjectSection(SolutionItems) = preProject
		..\..\demo\Interception\global.json = ..\..\demo\Interception\global.json
	EndProjectSection
EndProject
Project("{9A19103F-16F7-4668-BE54-9A1E7A4F7556}") = "Dora.Interception", "Dora.Interception\Dora.Interception.csproj", "{165F610E-00F6-47E4-B7A5-A330EB3ED019}"
EndProject
Project("{9A19103F-16F7-4668-BE54-9A1E7A4F7556}") = "Dora.Interception.Test", "..\..\test\Interception\Dora.Interception.Test\Dora.Interception.Test.csproj", "{377DB8CD-52F6-4F2F-81F5-4C38E5092180}"
EndProject
Project("{9A19103F-16F7-4668-BE54-9A1E7A4F7556}") = "App1", "..\..\demo\Interception\App1\App1.csproj", "{FBCD9E93-9616-4239-B4EE-5E04AA9E6DCE}"
EndProject
Project("{9A19103F-16F7-4668-BE54-9A1E7A4F7556}") = "App2", "..\..\demo\Interception\App2\App2.csproj", "{EFAE160D-2D84-4A1C-869F-F29FC563B02E}"
EndProject
Project("{9A19103F-16F7-4668-BE54-9A1E7A4F7556}") = "App3", "..\..\demo\Interception\App3\App3.csproj", "{AD672A99-CD27-4D18-BB98-CBB1CB454C03}"
EndProject
Project("{9A19103F-16F7-4668-BE54-9A1E7A4F7556}") = "App4", "..\..\demo\Interception\App4\App4.csproj", "{C4F80F74-0EB2-4BFF-A977-2CF0DD1AAA4E}"
EndProject
Project("{9A19103F-16F7-4668-BE54-9A1E7A4F7556}") = "App5", "..\..\demo\Interception\App5\App5.csproj", "{8D5DB404-97DF-46B5-9A02-DF3855223B2F}"
EndProject
Project("{9A19103F-16F7-4668-BE54-9A1E7A4F7556}") = "Dora.Interception.Abstractions", "Dora.Interception.Abstractions\Dora.Interception.Abstractions.csproj", "{75318169-DCC3-4AE9-8046-487E8839C2A0}"
EndProject
Project("{2150E333-8FDC-42A3-9474-1A3956D46DE8}") = "ref", "ref", "{072598FB-A7DE-4615-9AD0-9B56C9812E16}"
EndProject
Project("{D954291E-2A0B-460D-934E-DC6B0785DB48}") = "Dora.Shared", "..\Dora.Shared\Dora.Shared.shproj", "{F02840EA-CD3E-4D41-BFAD-05E4075790D6}"
EndProject
Global
	GlobalSection(SharedMSBuildProjectFiles) = preSolution
		..\Dora.Shared\Dora.Shared.projitems*{f02840ea-cd3e-4d41-bfad-05e4075790d6}*SharedItemsImports = 13
	EndGlobalSection
	GlobalSection(SolutionConfigurationPlatforms) = preSolution
		Debug|Any CPU = Debug|Any CPU
		Release|Any CPU = Release|Any CPU
	EndGlobalSection
	GlobalSection(ProjectConfigurationPlatforms) = postSolution
		{165F610E-00F6-47E4-B7A5-A330EB3ED019}.Debug|Any CPU.ActiveCfg = Debug|Any CPU
		{165F610E-00F6-47E4-B7A5-A330EB3ED019}.Debug|Any CPU.Build.0 = Debug|Any CPU
		{165F610E-00F6-47E4-B7A5-A330EB3ED019}.Release|Any CPU.ActiveCfg = Release|Any CPU
		{165F610E-00F6-47E4-B7A5-A330EB3ED019}.Release|Any CPU.Build.0 = Release|Any CPU
		{377DB8CD-52F6-4F2F-81F5-4C38E5092180}.Debug|Any CPU.ActiveCfg = Debug|Any CPU
		{377DB8CD-52F6-4F2F-81F5-4C38E5092180}.Debug|Any CPU.Build.0 = Debug|Any CPU
		{377DB8CD-52F6-4F2F-81F5-4C38E5092180}.Release|Any CPU.ActiveCfg = Release|Any CPU
		{377DB8CD-52F6-4F2F-81F5-4C38E5092180}.Release|Any CPU.Build.0 = Release|Any CPU
		{FBCD9E93-9616-4239-B4EE-5E04AA9E6DCE}.Debug|Any CPU.ActiveCfg = Debug|Any CPU
		{FBCD9E93-9616-4239-B4EE-5E04AA9E6DCE}.Debug|Any CPU.Build.0 = Debug|Any CPU
		{FBCD9E93-9616-4239-B4EE-5E04AA9E6DCE}.Release|Any CPU.ActiveCfg = Release|Any CPU
		{FBCD9E93-9616-4239-B4EE-5E04AA9E6DCE}.Release|Any CPU.Build.0 = Release|Any CPU
		{EFAE160D-2D84-4A1C-869F-F29FC563B02E}.Debug|Any CPU.ActiveCfg = Debug|Any CPU
		{EFAE160D-2D84-4A1C-869F-F29FC563B02E}.Debug|Any CPU.Build.0 = Debug|Any CPU
		{EFAE160D-2D84-4A1C-869F-F29FC563B02E}.Release|Any CPU.ActiveCfg = Release|Any CPU
		{EFAE160D-2D84-4A1C-869F-F29FC563B02E}.Release|Any CPU.Build.0 = Release|Any CPU
		{AD672A99-CD27-4D18-BB98-CBB1CB454C03}.Debug|Any CPU.ActiveCfg = Debug|Any CPU
		{AD672A99-CD27-4D18-BB98-CBB1CB454C03}.Debug|Any CPU.Build.0 = Debug|Any CPU
		{AD672A99-CD27-4D18-BB98-CBB1CB454C03}.Release|Any CPU.ActiveCfg = Release|Any CPU
		{AD672A99-CD27-4D18-BB98-CBB1CB454C03}.Release|Any CPU.Build.0 = Release|Any CPU
		{C4F80F74-0EB2-4BFF-A977-2CF0DD1AAA4E}.Debug|Any CPU.ActiveCfg = Debug|Any CPU
		{C4F80F74-0EB2-4BFF-A977-2CF0DD1AAA4E}.Debug|Any CPU.Build.0 = Debug|Any CPU
		{C4F80F74-0EB2-4BFF-A977-2CF0DD1AAA4E}.Release|Any CPU.ActiveCfg = Release|Any CPU
		{C4F80F74-0EB2-4BFF-A977-2CF0DD1AAA4E}.Release|Any CPU.Build.0 = Release|Any CPU
		{8D5DB404-97DF-46B5-9A02-DF3855223B2F}.Debug|Any CPU.ActiveCfg = Debug|Any CPU
		{8D5DB404-97DF-46B5-9A02-DF3855223B2F}.Debug|Any CPU.Build.0 = Debug|Any CPU
		{8D5DB404-97DF-46B5-9A02-DF3855223B2F}.Release|Any CPU.ActiveCfg = Release|Any CPU
		{8D5DB404-97DF-46B5-9A02-DF3855223B2F}.Release|Any CPU.Build.0 = Release|Any CPU
		{75318169-DCC3-4AE9-8046-487E8839C2A0}.Debug|Any CPU.ActiveCfg = Debug|Any CPU
		{75318169-DCC3-4AE9-8046-487E8839C2A0}.Debug|Any CPU.Build.0 = Debug|Any CPU
		{75318169-DCC3-4AE9-8046-487E8839C2A0}.Release|Any CPU.ActiveCfg = Release|Any CPU
		{75318169-DCC3-4AE9-8046-487E8839C2A0}.Release|Any CPU.Build.0 = Release|Any CPU
	EndGlobalSection
	GlobalSection(SolutionProperties) = preSolution
		HideSolutionNode = FALSE
	EndGlobalSection
	GlobalSection(NestedProjects) = preSolution
		{165F610E-00F6-47E4-B7A5-A330EB3ED019} = {8A9A8F6A-4852-49B0-A4CF-468D5CDB0ABD}
		{377DB8CD-52F6-4F2F-81F5-4C38E5092180} = {A403508B-E8F0-4B7E-BB30-3FE1554BC485}
		{FBCD9E93-9616-4239-B4EE-5E04AA9E6DCE} = {61BD3B4B-C901-426A-85F0-DDB515977B2A}
		{EFAE160D-2D84-4A1C-869F-F29FC563B02E} = {61BD3B4B-C901-426A-85F0-DDB515977B2A}
		{AD672A99-CD27-4D18-BB98-CBB1CB454C03} = {61BD3B4B-C901-426A-85F0-DDB515977B2A}
		{C4F80F74-0EB2-4BFF-A977-2CF0DD1AAA4E} = {61BD3B4B-C901-426A-85F0-DDB515977B2A}
		{8D5DB404-97DF-46B5-9A02-DF3855223B2F} = {61BD3B4B-C901-426A-85F0-DDB515977B2A}
		{75318169-DCC3-4AE9-8046-487E8839C2A0} = {8A9A8F6A-4852-49B0-A4CF-468D5CDB0ABD}
		{F02840EA-CD3E-4D41-BFAD-05E4075790D6} = {072598FB-A7DE-4615-9AD0-9B56C9812E16}
	EndGlobalSection
	GlobalSection(ExtensibilityGlobals) = postSolution
		SolutionGuid = {76B22988-7C84-4465-AF31-7F8F57551F61}
	EndGlobalSection
EndGlobal
