
Microsoft Visual Studio Solution File, Format Version 12.00
# Visual Studio 15
VisualStudioVersion = 15.0.28307.136
MinimumVisualStudioVersion = 10.0.40219.1
Project("{2150E333-8FDC-42A3-9474-1A3956D46DE8}") = "src", "src", "{878EA733-DD58-4CC7-992F-944172B37A59}"
EndProject
Project("{9A19103F-16F7-4668-BE54-9A1E7A4F7556}") = "GraphQL.Core", "src\GraphQL.Core\GraphQL.Core.csproj", "{9248B318-C095-4DCC-807C-C969F51B9480}"
EndProject
Project("{D954291E-2A0B-460D-934E-DC6B0785DB48}") = "Shared", "src\Shared\Shared.shproj", "{B51EA118-7406-4A6E-8EBC-21551FCC626B}"
EndProject
Project("{2150E333-8FDC-42A3-9474-1A3956D46DE8}") = "test", "test", "{94A1AB7B-0815-47B9-AC89-57984E902C91}"
EndProject
Project("{9A19103F-16F7-4668-BE54-9A1E7A4F7556}") = "GraphQL.Test", "test\GraphQL.Test\GraphQL.Test.csproj", "{962C04EB-B29C-49B1-8D9D-8396BD9796FC}"
EndProject
Project("{2150E333-8FDC-42A3-9474-1A3956D46DE8}") = "demo", "demo", "{D209634C-5ED9-411E-9983-5624F30B90CA}"
EndProject
Project("{9A19103F-16F7-4668-BE54-9A1E7A4F7556}") = "Demo1", "demo\Demo1\Demo1.csproj", "{71439450-AB37-4D8A-8064-002617B66759}"
EndProject
Project("{9A19103F-16F7-4668-BE54-9A1E7A4F7556}") = "GraphQL.Server", "src\GraphQL.Server\GraphQL.Server.csproj", "{3D698762-6125-432F-8BC0-FA666758E489}"
EndProject
Project("{2150E333-8FDC-42A3-9474-1A3956D46DE8}") = "ref", "ref", "{57F1370D-728A-486F-B7A6-C90EC7F22153}"
EndProject
Project("{9A19103F-16F7-4668-BE54-9A1E7A4F7556}") = "GraphQL", "..\..\..\opensources\graphql-dotnet-2.4.0\src\GraphQL\GraphQL.csproj", "{E02639FB-5D22-4578-A678-84D69B7B63D6}"
EndProject
Global
	GlobalSection(SharedMSBuildProjectFiles) = preSolution
		src\Shared\Shared.projitems*{b51ea118-7406-4a6e-8ebc-21551fcc626b}*SharedItemsImports = 13
	EndGlobalSection
	GlobalSection(SolutionConfigurationPlatforms) = preSolution
		Debug|Any CPU = Debug|Any CPU
		Release|Any CPU = Release|Any CPU
	EndGlobalSection
	GlobalSection(ProjectConfigurationPlatforms) = postSolution
		{9248B318-C095-4DCC-807C-C969F51B9480}.Debug|Any CPU.ActiveCfg = Debug|Any CPU
		{9248B318-C095-4DCC-807C-C969F51B9480}.Debug|Any CPU.Build.0 = Debug|Any CPU
		{9248B318-C095-4DCC-807C-C969F51B9480}.Release|Any CPU.ActiveCfg = Release|Any CPU
		{9248B318-C095-4DCC-807C-C969F51B9480}.Release|Any CPU.Build.0 = Release|Any CPU
		{962C04EB-B29C-49B1-8D9D-8396BD9796FC}.Debug|Any CPU.ActiveCfg = Debug|Any CPU
		{962C04EB-B29C-49B1-8D9D-8396BD9796FC}.Debug|Any CPU.Build.0 = Debug|Any CPU
		{962C04EB-B29C-49B1-8D9D-8396BD9796FC}.Release|Any CPU.ActiveCfg = Release|Any CPU
		{962C04EB-B29C-49B1-8D9D-8396BD9796FC}.Release|Any CPU.Build.0 = Release|Any CPU
		{71439450-AB37-4D8A-8064-002617B66759}.Debug|Any CPU.ActiveCfg = Debug|Any CPU
		{71439450-AB37-4D8A-8064-002617B66759}.Debug|Any CPU.Build.0 = Debug|Any CPU
		{71439450-AB37-4D8A-8064-002617B66759}.Release|Any CPU.ActiveCfg = Release|Any CPU
		{71439450-AB37-4D8A-8064-002617B66759}.Release|Any CPU.Build.0 = Release|Any CPU
		{3D698762-6125-432F-8BC0-FA666758E489}.Debug|Any CPU.ActiveCfg = Debug|Any CPU
		{3D698762-6125-432F-8BC0-FA666758E489}.Debug|Any CPU.Build.0 = Debug|Any CPU
		{3D698762-6125-432F-8BC0-FA666758E489}.Release|Any CPU.ActiveCfg = Release|Any CPU
		{3D698762-6125-432F-8BC0-FA666758E489}.Release|Any CPU.Build.0 = Release|Any CPU
		{E02639FB-5D22-4578-A678-84D69B7B63D6}.Debug|Any CPU.ActiveCfg = Debug|Any CPU
		{E02639FB-5D22-4578-A678-84D69B7B63D6}.Debug|Any CPU.Build.0 = Debug|Any CPU
		{E02639FB-5D22-4578-A678-84D69B7B63D6}.Release|Any CPU.ActiveCfg = Release|Any CPU
		{E02639FB-5D22-4578-A678-84D69B7B63D6}.Release|Any CPU.Build.0 = Release|Any CPU
	EndGlobalSection
	GlobalSection(SolutionProperties) = preSolution
		HideSolutionNode = FALSE
	EndGlobalSection
	GlobalSection(NestedProjects) = preSolution
		{9248B318-C095-4DCC-807C-C969F51B9480} = {878EA733-DD58-4CC7-992F-944172B37A59}
		{B51EA118-7406-4A6E-8EBC-21551FCC626B} = {878EA733-DD58-4CC7-992F-944172B37A59}
		{962C04EB-B29C-49B1-8D9D-8396BD9796FC} = {94A1AB7B-0815-47B9-AC89-57984E902C91}
		{71439450-AB37-4D8A-8064-002617B66759} = {D209634C-5ED9-411E-9983-5624F30B90CA}
		{3D698762-6125-432F-8BC0-FA666758E489} = {878EA733-DD58-4CC7-992F-944172B37A59}
		{57F1370D-728A-486F-B7A6-C90EC7F22153} = {94A1AB7B-0815-47B9-AC89-57984E902C91}
		{E02639FB-5D22-4578-A678-84D69B7B63D6} = {57F1370D-728A-486F-B7A6-C90EC7F22153}
	EndGlobalSection
	GlobalSection(ExtensibilityGlobals) = postSolution
		SolutionGuid = {6C233AA6-23EE-4133-9044-654AF7D75FB2}
	EndGlobalSection
EndGlobal
