
Microsoft Visual Studio Solution File, Format Version 12.00
# Visual Studio Version 17
VisualStudioVersion = 17.2.32526.322
MinimumVisualStudioVersion = 10.0.40219.1
Project("{2150E333-8FDC-42A3-9474-1A3956D46DE8}") = "src", "src", "{90CDCE86-5086-4928-B94E-EAE06530693D}"
EndProject
Project("{2150E333-8FDC-42A3-9474-1A3956D46DE8}") = "test", "test", "{83290A38-44CF-4E73-ABA6-99A9113E52BB}"
EndProject
Project("{2150E333-8FDC-42A3-9474-1A3956D46DE8}") = "ref", "ref", "{18F8DD23-55E6-4B4F-8C35-3613785A0093}"
EndProject
Project("{2150E333-8FDC-42A3-9474-1A3956D46DE8}") = "demo", "demo", "{3FCBC6A3-A837-4E38-805F-E0CEE02C34C0}"
EndProject
Project("{D954291E-2A0B-460D-934E-DC6B0785DB48}") = "Shared", "..\Shared\Shared.shproj", "{00BFBA7F-B45D-41A3-9BF3-FA85A784B7DE}"
EndProject
Project("{9A19103F-16F7-4668-BE54-9A1E7A4F7556}") = "OpenTelemetry", "OpenTelemetry\OpenTelemetry.csproj", "{DD6906A0-DE65-4497-866B-DABA7B222F45}"
EndProject
Project("{9A19103F-16F7-4668-BE54-9A1E7A4F7556}") = "App1", "..\..\demo\OpenTelemetry\App1\App1.csproj", "{9BA2F24D-77BF-4F13-9132-C577833CEEAC}"
EndProject
Project("{9A19103F-16F7-4668-BE54-9A1E7A4F7556}") = "OpenTelemetry.Zipkin", "OpenTelemetry.Zipkin\OpenTelemetry.Zipkin.csproj", "{2E638838-6A65-4ED3-8B46-ED6C8DF62CAF}"
EndProject
Project("{9A19103F-16F7-4668-BE54-9A1E7A4F7556}") = "OpenTelemetry.AspNetCore", "OpenTelemetry.AspNetCore\OpenTelemetry.AspNetCore.csproj", "{14BB8877-BBBD-49CF-AC10-0359DAF816A0}"
EndProject
Project("{9A19103F-16F7-4668-BE54-9A1E7A4F7556}") = "App2", "..\..\demo\OpenTelemetry\App2\App2.csproj", "{CA6282A5-90D0-432D-A954-ECA859FC0808}"
EndProject
Project("{FAE04EC0-301F-11D3-BF4B-00C04F79EFBC}") = "OpenTelemetry.Http", "OpenTelemetry.Http\OpenTelemetry.Http.csproj", "{4C204220-E408-4979-80BA-CBE96DA0F7B8}"
EndProject
Project("{FAE04EC0-301F-11D3-BF4B-00C04F79EFBC}") = "OpenTelemetry.OpenTelemetryProtocol", "OpenTelemetry.OpenTelemetryProtocol\OpenTelemetry.OpenTelemetryProtocol.csproj", "{4763A60C-95EE-4CC9-AF97-A4AE7F328018}"
EndProject
Global
	GlobalSection(SolutionConfigurationPlatforms) = preSolution
		Debug|Any CPU = Debug|Any CPU
		Release|Any CPU = Release|Any CPU
	EndGlobalSection
	GlobalSection(ProjectConfigurationPlatforms) = postSolution
		{DD6906A0-DE65-4497-866B-DABA7B222F45}.Debug|Any CPU.ActiveCfg = Debug|Any CPU
		{DD6906A0-DE65-4497-866B-DABA7B222F45}.Debug|Any CPU.Build.0 = Debug|Any CPU
		{DD6906A0-DE65-4497-866B-DABA7B222F45}.Release|Any CPU.ActiveCfg = Release|Any CPU
		{DD6906A0-DE65-4497-866B-DABA7B222F45}.Release|Any CPU.Build.0 = Release|Any CPU
		{9BA2F24D-77BF-4F13-9132-C577833CEEAC}.Debug|Any CPU.ActiveCfg = Debug|Any CPU
		{9BA2F24D-77BF-4F13-9132-C577833CEEAC}.Debug|Any CPU.Build.0 = Debug|Any CPU
		{9BA2F24D-77BF-4F13-9132-C577833CEEAC}.Release|Any CPU.ActiveCfg = Release|Any CPU
		{9BA2F24D-77BF-4F13-9132-C577833CEEAC}.Release|Any CPU.Build.0 = Release|Any CPU
		{2E638838-6A65-4ED3-8B46-ED6C8DF62CAF}.Debug|Any CPU.ActiveCfg = Debug|Any CPU
		{2E638838-6A65-4ED3-8B46-ED6C8DF62CAF}.Debug|Any CPU.Build.0 = Debug|Any CPU
		{2E638838-6A65-4ED3-8B46-ED6C8DF62CAF}.Release|Any CPU.ActiveCfg = Release|Any CPU
		{2E638838-6A65-4ED3-8B46-ED6C8DF62CAF}.Release|Any CPU.Build.0 = Release|Any CPU
		{14BB8877-BBBD-49CF-AC10-0359DAF816A0}.Debug|Any CPU.ActiveCfg = Debug|Any CPU
		{14BB8877-BBBD-49CF-AC10-0359DAF816A0}.Debug|Any CPU.Build.0 = Debug|Any CPU
		{14BB8877-BBBD-49CF-AC10-0359DAF816A0}.Release|Any CPU.ActiveCfg = Release|Any CPU
		{14BB8877-BBBD-49CF-AC10-0359DAF816A0}.Release|Any CPU.Build.0 = Release|Any CPU
		{CA6282A5-90D0-432D-A954-ECA859FC0808}.Debug|Any CPU.ActiveCfg = Debug|Any CPU
		{CA6282A5-90D0-432D-A954-ECA859FC0808}.Debug|Any CPU.Build.0 = Debug|Any CPU
		{CA6282A5-90D0-432D-A954-ECA859FC0808}.Release|Any CPU.ActiveCfg = Release|Any CPU
		{CA6282A5-90D0-432D-A954-ECA859FC0808}.Release|Any CPU.Build.0 = Release|Any CPU
		{4C204220-E408-4979-80BA-CBE96DA0F7B8}.Debug|Any CPU.ActiveCfg = Debug|Any CPU
		{4C204220-E408-4979-80BA-CBE96DA0F7B8}.Debug|Any CPU.Build.0 = Debug|Any CPU
		{4C204220-E408-4979-80BA-CBE96DA0F7B8}.Release|Any CPU.ActiveCfg = Release|Any CPU
		{4C204220-E408-4979-80BA-CBE96DA0F7B8}.Release|Any CPU.Build.0 = Release|Any CPU
		{4763A60C-95EE-4CC9-AF97-A4AE7F328018}.Debug|Any CPU.ActiveCfg = Debug|Any CPU
		{4763A60C-95EE-4CC9-AF97-A4AE7F328018}.Debug|Any CPU.Build.0 = Debug|Any CPU
		{4763A60C-95EE-4CC9-AF97-A4AE7F328018}.Release|Any CPU.ActiveCfg = Release|Any CPU
		{4763A60C-95EE-4CC9-AF97-A4AE7F328018}.Release|Any CPU.Build.0 = Release|Any CPU
	EndGlobalSection
	GlobalSection(SolutionProperties) = preSolution
		HideSolutionNode = FALSE
	EndGlobalSection
	GlobalSection(NestedProjects) = preSolution
		{00BFBA7F-B45D-41A3-9BF3-FA85A784B7DE} = {18F8DD23-55E6-4B4F-8C35-3613785A0093}
		{DD6906A0-DE65-4497-866B-DABA7B222F45} = {90CDCE86-5086-4928-B94E-EAE06530693D}
		{9BA2F24D-77BF-4F13-9132-C577833CEEAC} = {3FCBC6A3-A837-4E38-805F-E0CEE02C34C0}
		{2E638838-6A65-4ED3-8B46-ED6C8DF62CAF} = {90CDCE86-5086-4928-B94E-EAE06530693D}
		{14BB8877-BBBD-49CF-AC10-0359DAF816A0} = {90CDCE86-5086-4928-B94E-EAE06530693D}
		{CA6282A5-90D0-432D-A954-ECA859FC0808} = {3FCBC6A3-A837-4E38-805F-E0CEE02C34C0}
		{4C204220-E408-4979-80BA-CBE96DA0F7B8} = {90CDCE86-5086-4928-B94E-EAE06530693D}
		{4763A60C-95EE-4CC9-AF97-A4AE7F328018} = {90CDCE86-5086-4928-B94E-EAE06530693D}
	EndGlobalSection
	GlobalSection(ExtensibilityGlobals) = postSolution
		SolutionGuid = {29BD750D-AA28-4D2E-B557-3A0C844FBAE7}
	EndGlobalSection
	GlobalSection(SharedMSBuildProjectFiles) = preSolution
		..\Shared\Shared.projitems*{00bfba7f-b45d-41a3-9bf3-fa85a784b7de}*SharedItemsImports = 13
		..\Shared\Shared.projitems*{dd6906a0-de65-4497-866b-daba7b222f45}*SharedItemsImports = 5
	EndGlobalSection
EndGlobal
