
Microsoft Visual Studio Solution File, Format Version 12.00
# Visual Studio 15
VisualStudioVersion = 15.0.26228.4
MinimumVisualStudioVersion = 10.0.40219.1
Project("{FAE04EC0-301F-11D3-BF4B-00C04F79EFBC}") = "Dora.Shared", "Dora.Shared\Dora.Shared.csproj", "{F03A6FFA-47AC-4112-89C8-507B214B18AB}"
EndProject
Global
	GlobalSection(SolutionConfigurationPlatforms) = preSolution
		Debug|Any CPU = Debug|Any CPU
		Release|Any CPU = Release|Any CPU
	EndGlobalSection
	GlobalSection(ProjectConfigurationPlatforms) = postSolution
		{F03A6FFA-47AC-4112-89C8-507B214B18AB}.Debug|Any CPU.ActiveCfg = Debug|Any CPU
		{F03A6FFA-47AC-4112-89C8-507B214B18AB}.Debug|Any CPU.Build.0 = Debug|Any CPU
		{F03A6FFA-47AC-4112-89C8-507B214B18AB}.Release|Any CPU.ActiveCfg = Release|Any CPU
		{F03A6FFA-47AC-4112-89C8-507B214B18AB}.Release|Any CPU.Build.0 = Release|Any CPU
	EndGlobalSection
	GlobalSection(SolutionProperties) = preSolution
		HideSolutionNode = FALSE
	EndGlobalSection
EndGlobal
